<?xml version="1.0" encoding="UTF-8" standalone="yes" ?>
<CodeBlocks_project_file>
	<FileVersion major="1" minor="6" />
	<Project>
		<Option title="moos21" />
		<Option makefile_is_custom="1" />
		<Option pch_mode="2" />
		<Option compiler="gcc" />
		<MakeCommands>
			<Build command="true" />
			<CompileFile command="true" />
			<Clean command="true" />
			<DistClean command="$make -f $makefile distclean$target" />
			<AskRebuildNeeded command="true" />
			<SilentBuild command="true &gt; $(CMD_NULL)" />
		</MakeCommands>
		<Build>
			<Target title="all">
				<Option output="src/moos21" prefix_auto="1" extension_auto="1" />
				<Option object_output="obj/debug" />
				<Option type="0" />
				<Option compiler="gcc" />
				<Compiler>
					<Add option="-g" />
					<Add option="-Wno-deprecated-declarations" />
				</Compiler>
				<MakeCommands>
					<Build command="$make -f $makefile" />
					<CompileFile command="$make -f $makefile $file" />
					<Clean command="$make -f $makefile clean" />
					<DistClean command="$make -f $makefile distclean$target" />
					<AskRebuildNeeded command="$make -q -f $makefile $target" />
					<SilentBuild command="$make -f $makefile &gt; $(CMD_NULL)" />
				</MakeCommands>
			</Target>
			<Target title="configure">
				<Option output="moos21" prefix_auto="1" extension_auto="1" />
				<Option type="0" />
				<Option compiler="gcc" />
				<ExtraCommands>
					<Add before="make distclean" />
					<Add before="autoreconf -i" />
					<Add before="./configure" />
					<Mode after="always" />
				</ExtraCommands>
				<MakeCommands>
					<Build command="" />
					<CompileFile command="" />
					<Clean command="" />
					<DistClean command="$make -f $makefile distclean$target" />
					<AskRebuildNeeded command="" />
					<SilentBuild command=" &gt; $(CMD_NULL)" />
				</MakeCommands>
			</Target>
			<Target title="configure-wx3.0">
				<Option output="moos21" prefix_auto="1" extension_auto="1" />
				<Option type="0" />
				<Option compiler="gcc" />
				<ExtraCommands>
					<Add before="make distclean || true" />
					<Add before="autoreconf -i" />
					<Add before="./configure --with-wx-config=wx-config-3.0" />
					<Mode after="always" />
				</ExtraCommands>
				<MakeCommands>
					<Build command="" />
					<CompileFile command="" />
					<Clean command="" />
					<DistClean command="$make -f $makefile distclean$target" />
					<AskRebuildNeeded command="" />
					<SilentBuild command=" &gt; $(CMD_NULL)" />
				</MakeCommands>
			</Target>
			<Target title="configure-mingw32">
				<Option output="moos21" prefix_auto="1" extension_auto="1" />
				<Option type="0" />
				<Option compiler="gcc" />
				<ExtraCommands>
					<Add before="make distclean || true" />
					<Add before="autoreconf -i" />
					<Add before="mingw32-configure --with-zlib=/usr/i686-w64-mingw32/sys-root/mingw" />
					<Mode after="always" />
				</ExtraCommands>
				<MakeCommands>
					<Build command="" />
					<CompileFile command="" />
					<Clean command="" />
					<DistClean command="$make -f $makefile distclean$target" />
					<AskRebuildNeeded command="" />
					<SilentBuild command=" &gt; $(CMD_NULL)" />
				</MakeCommands>
			</Target>
			<Target title="configure-mingw64">
				<Option output="moos21" prefix_auto="1" extension_auto="1" />
				<Option type="0" />
				<Option compiler="gcc" />
				<ExtraCommands>
					<Add before="make distclean || true" />
					<Add before="autoreconf -i" />
					<Add before="mingw64-configure --with-zlib=/usr/x86_64-w64-mingw32/sys-root/mingw" />
					<Mode after="always" />
				</ExtraCommands>
				<MakeCommands>
					<Build command="" />
					<CompileFile command="" />
					<Clean command="" />
					<DistClean command="$make -f $makefile distclean$target" />
					<AskRebuildNeeded command="" />
					<SilentBuild command=" &gt; $(CMD_NULL)" />
				</MakeCommands>
			</Target>
		</Build>
		<Compiler>
			<Add option="-Weffc++" />
			<Add option="-pedantic" />
			<Add option="-Wextra" />
			<Add option="-Wall" />
			<Add option="`wx-config-3.0 --cppflags`" />
			<Add option="`pkg-config zlib --cflags`" />
			<Add option="-isystem/usr/include/wx-3.0" />
		</Compiler>
		<Linker>
			<Add option="`wx-config-3.0 --libs`" />
			<Add option="`pkg-config zlib --libs`" />
		</Linker>
		<Unit filename="src/base.cpp" />
		<Unit filename="src/base.h" />
		<Unit filename="src/connection.cpp" />
		<Unit filename="src/enums.h" />
		<Unit filename="src/helpmenu.cpp" />
		<Unit filename="src/infodialog.cpp" />
		<Unit filename="src/infodialog.h" />
		<Unit filename="src/inputdialog.cpp" />
		<Unit filename="src/inputdialog.h" />
		<Unit filename="src/moos21_private.h" />
		<Unit filename="src/moosmenu.cpp" />
		<Unit filename="src/settingsmenu.cpp" />
		<Unit filename="src/tools.cpp" />
		<Unit filename="src/tools.h" />
		<Unit filename="src/usermenu.cpp" />
		<Unit filename="src/viewmenu.cpp" />
		<Unit filename="src/whoisdialog.cpp" />
		<Unit filename="src/whoisdialog.h" />
		<Extensions>
			<code_completion />
			<envvars />
			<debugger />
			<lib_finder disable_auto="1" />
		</Extensions>
	</Project>
</CodeBlocks_project_file>
